
Microsoft Visual Studio Solution File, Format Version 12.00
# Visual Studio Version 17
VisualStudioVersion = 17.4.33403.182
MinimumVisualStudioVersion = 10.0.40219.1
Project("{2150E333-8FDC-42A3-9474-1A3956D46DE8}") = "services", "services", "{3A5E1397-FEB1-4731-8FE9-20275E012F8F}"
EndProject
Project("{2150E333-8FDC-42A3-9474-1A3956D46DE8}") = "building blocks", "building blocks", "{D1BD8B29-C568-4F53-A308-CA4A68E77018}"
EndProject
Project("{9A19103F-16F7-4668-BE54-9A1E7A4F7556}") = "ECE.Identidade.API", "src\services\ECE.Identidade.API\ECE.Identidade.API.csproj", "{407BD0CF-4FC4-44FE-9028-483960A4D8FA}"
EndProject
Project("{9A19103F-16F7-4668-BE54-9A1E7A4F7556}") = "ECE.Core", "src\building blocks\ECE.Core\ECE.Core.csproj", "{670C3F11-1E06-4F2A-836D-5BBB2217CEEA}"
EndProject
Project("{2150E333-8FDC-42A3-9474-1A3956D46DE8}") = "Web", "Web", "{49363AB2-4E3E-47FE-A844-50A3E5400EC0}"
EndProject
Project("{9A19103F-16F7-4668-BE54-9A1E7A4F7556}") = "ECE.WebApp.MVC", "src\web\ECE.WebApp.MVC\ECE.WebApp.MVC.csproj", "{1C98F7A3-7B7F-48B0-B7C3-BA5232D0DDC7}"
EndProject
Project("{9A19103F-16F7-4668-BE54-9A1E7A4F7556}") = "ACE.Catalogo.API", "src\services\ACE.Catalogo.API\ACE.Catalogo.API.csproj", "{8EF9F064-2E44-4B5A-9DF1-5BE0968BC12C}"
EndProject
Project("{FAE04EC0-301F-11D3-BF4B-00C04F79EFBC}") = "ACE.WebAPI.Core", "src\building blocks\ACE.WebAPI.Core\ACE.WebAPI.Core.csproj", "{D2809E3E-ADD1-4BB5-A743-A8032C881A68}"
EndProject
Global
	GlobalSection(SolutionConfigurationPlatforms) = preSolution
		Debug|Any CPU = Debug|Any CPU
		Release|Any CPU = Release|Any CPU
	EndGlobalSection
	GlobalSection(ProjectConfigurationPlatforms) = postSolution
		{407BD0CF-4FC4-44FE-9028-483960A4D8FA}.Debug|Any CPU.ActiveCfg = Debug|Any CPU
		{407BD0CF-4FC4-44FE-9028-483960A4D8FA}.Debug|Any CPU.Build.0 = Debug|Any CPU
		{407BD0CF-4FC4-44FE-9028-483960A4D8FA}.Release|Any CPU.ActiveCfg = Release|Any CPU
		{407BD0CF-4FC4-44FE-9028-483960A4D8FA}.Release|Any CPU.Build.0 = Release|Any CPU
		{670C3F11-1E06-4F2A-836D-5BBB2217CEEA}.Debug|Any CPU.ActiveCfg = Debug|Any CPU
		{670C3F11-1E06-4F2A-836D-5BBB2217CEEA}.Debug|Any CPU.Build.0 = Debug|Any CPU
		{670C3F11-1E06-4F2A-836D-5BBB2217CEEA}.Release|Any CPU.ActiveCfg = Release|Any CPU
		{670C3F11-1E06-4F2A-836D-5BBB2217CEEA}.Release|Any CPU.Build.0 = Release|Any CPU
		{1C98F7A3-7B7F-48B0-B7C3-BA5232D0DDC7}.Debug|Any CPU.ActiveCfg = Debug|Any CPU
		{1C98F7A3-7B7F-48B0-B7C3-BA5232D0DDC7}.Debug|Any CPU.Build.0 = Debug|Any CPU
		{1C98F7A3-7B7F-48B0-B7C3-BA5232D0DDC7}.Release|Any CPU.ActiveCfg = Release|Any CPU
		{1C98F7A3-7B7F-48B0-B7C3-BA5232D0DDC7}.Release|Any CPU.Build.0 = Release|Any CPU
		{8EF9F064-2E44-4B5A-9DF1-5BE0968BC12C}.Debug|Any CPU.ActiveCfg = Debug|Any CPU
		{8EF9F064-2E44-4B5A-9DF1-5BE0968BC12C}.Debug|Any CPU.Build.0 = Debug|Any CPU
		{8EF9F064-2E44-4B5A-9DF1-5BE0968BC12C}.Release|Any CPU.ActiveCfg = Release|Any CPU
		{8EF9F064-2E44-4B5A-9DF1-5BE0968BC12C}.Release|Any CPU.Build.0 = Release|Any CPU
		{D2809E3E-ADD1-4BB5-A743-A8032C881A68}.Debug|Any CPU.ActiveCfg = Debug|Any CPU
		{D2809E3E-ADD1-4BB5-A743-A8032C881A68}.Debug|Any CPU.Build.0 = Debug|Any CPU
		{D2809E3E-ADD1-4BB5-A743-A8032C881A68}.Release|Any CPU.ActiveCfg = Release|Any CPU
		{D2809E3E-ADD1-4BB5-A743-A8032C881A68}.Release|Any CPU.Build.0 = Release|Any CPU
	EndGlobalSection
	GlobalSection(SolutionProperties) = preSolution
		HideSolutionNode = FALSE
	EndGlobalSection
	GlobalSection(NestedProjects) = preSolution
		{407BD0CF-4FC4-44FE-9028-483960A4D8FA} = {3A5E1397-FEB1-4731-8FE9-20275E012F8F}
		{670C3F11-1E06-4F2A-836D-5BBB2217CEEA} = {D1BD8B29-C568-4F53-A308-CA4A68E77018}
		{1C98F7A3-7B7F-48B0-B7C3-BA5232D0DDC7} = {49363AB2-4E3E-47FE-A844-50A3E5400EC0}
		{8EF9F064-2E44-4B5A-9DF1-5BE0968BC12C} = {3A5E1397-FEB1-4731-8FE9-20275E012F8F}
		{D2809E3E-ADD1-4BB5-A743-A8032C881A68} = {D1BD8B29-C568-4F53-A308-CA4A68E77018}
	EndGlobalSection
	GlobalSection(ExtensibilityGlobals) = postSolution
		SolutionGuid = {3795D441-80B4-4AD9-8C75-88A7E58CE007}
	EndGlobalSection
EndGlobal
