
Microsoft Visual Studio Solution File, Format Version 12.00
# Visual Studio Version 17
VisualStudioVersion = 17.10.34928.147
MinimumVisualStudioVersion = 10.0.40219.1
Project("{2150E333-8FDC-42A3-9474-1A3956D46DE8}") = "src", "src", "{9D09262A-A5D7-4C94-A9E6-4FD594DB4514}"
EndProject
Project("{2150E333-8FDC-42A3-9474-1A3956D46DE8}") = "Building Blocks", "Building Blocks", "{7AE83027-8181-4CFD-9D75-EE9645831B12}"
EndProject
Project("{2150E333-8FDC-42A3-9474-1A3956D46DE8}") = "Services", "Services", "{F3636AE1-EBE6-45DF-99E1-B93AC3EF8436}"
EndProject
Project("{2150E333-8FDC-42A3-9474-1A3956D46DE8}") = "Web", "Web", "{9A54DEF7-0E6D-4AF9-8687-B1AC838C5C30}"
EndProject
Project("{2150E333-8FDC-42A3-9474-1A3956D46DE8}") = "Identidade", "Identidade", "{C4549249-1A8C-481A-ABE4-F8623EA47BA1}"
EndProject
Project("{FAE04EC0-301F-11D3-BF4B-00C04F79EFBC}") = "ECE.Identidade.API", "src\services\ECE.Identidade.API\ECE.Identidade.API.csproj", "{E0F2B092-5395-4541-B43B-5AE3F7C7C74D}"
EndProject
Project("{2150E333-8FDC-42A3-9474-1A3956D46DE8}") = "MVC", "MVC", "{728B2A50-757A-4E59-B716-7F51C01145CA}"
EndProject
Project("{FAE04EC0-301F-11D3-BF4B-00C04F79EFBC}") = "ECE.WebApp.MVC", "src\web\ECE.WebApp.MVC\ECE.WebApp.MVC.csproj", "{040AC723-5A40-40A9-BE23-765057C3C6A1}"
EndProject
Project("{2150E333-8FDC-42A3-9474-1A3956D46DE8}") = "Core", "Core", "{6A6491F7-BAF6-431A-ABCE-4AA048A6AE07}"
EndProject
Project("{FAE04EC0-301F-11D3-BF4B-00C04F79EFBC}") = "ECE.Core", "src\building blocks\ECE.Core\ECE.Core.csproj", "{0B14111C-669E-4B44-86F7-9BA99B13E39A}"
EndProject
Project("{2150E333-8FDC-42A3-9474-1A3956D46DE8}") = "Carrinho", "Carrinho", "{5C99B2C3-9D01-4F69-935A-FDAA99892002}"
EndProject
Project("{FAE04EC0-301F-11D3-BF4B-00C04F79EFBC}") = "ECE.Carrinho.API", "src\services\ECE.Carrinho.API\ECE.Carrinho.API.csproj", "{005A4342-0B75-494B-8A4E-1FC12C72E6EB}"
EndProject
Project("{2150E333-8FDC-42A3-9474-1A3956D46DE8}") = "Catalogo", "Catalogo", "{CD6A21D9-F4A2-4976-87D7-BEE90E339BB0}"
EndProject
Project("{FAE04EC0-301F-11D3-BF4B-00C04F79EFBC}") = "ECE.Catalogo.API", "src\services\ECE.Catalogo.API\ECE.Catalogo.API.csproj", "{3A69F751-D091-4903-99D1-F3D92BC9FD3D}"
EndProject
Project("{2150E333-8FDC-42A3-9474-1A3956D46DE8}") = "Cliente", "Cliente", "{45AB459A-F60C-4938-8337-9787350C53DE}"
EndProject
Project("{2150E333-8FDC-42A3-9474-1A3956D46DE8}") = "Pagamento", "Pagamento", "{81AB1C3E-F8A9-49FC-97E6-9B4E1CD995FF}"
EndProject
Project("{2150E333-8FDC-42A3-9474-1A3956D46DE8}") = "Pedido", "Pedido", "{2DF3789C-63C4-4001-8A68-DBCFFEA4E6AB}"
EndProject
Project("{2150E333-8FDC-42A3-9474-1A3956D46DE8}") = "Services", "Services", "{6C40E88B-040D-4EB6-B41D-5252A6EB6DB5}"
EndProject
Project("{FAE04EC0-301F-11D3-BF4B-00C04F79EFBC}") = "ECE.WebAPI.Core", "src\building blocks\ECE.WebAPI.Core\ECE.WebAPI.Core.csproj", "{41BE2C35-D2C6-485B-8FD0-9E8D6D636C14}"
EndProject
Project("{FAE04EC0-301F-11D3-BF4B-00C04F79EFBC}") = "ECE.Cliente.API", "src\services\ECE.Cliente.API\ECE.Cliente.API.csproj", "{6DD8E5EE-3E86-48D6-8610-02D6FC03418D}"
EndProject
Global
	GlobalSection(SolutionConfigurationPlatforms) = preSolution
		Debug|Any CPU = Debug|Any CPU
		Release|Any CPU = Release|Any CPU
	EndGlobalSection
	GlobalSection(ProjectConfigurationPlatforms) = postSolution
		{E0F2B092-5395-4541-B43B-5AE3F7C7C74D}.Debug|Any CPU.ActiveCfg = Debug|Any CPU
		{E0F2B092-5395-4541-B43B-5AE3F7C7C74D}.Debug|Any CPU.Build.0 = Debug|Any CPU
		{E0F2B092-5395-4541-B43B-5AE3F7C7C74D}.Release|Any CPU.ActiveCfg = Release|Any CPU
		{E0F2B092-5395-4541-B43B-5AE3F7C7C74D}.Release|Any CPU.Build.0 = Release|Any CPU
		{040AC723-5A40-40A9-BE23-765057C3C6A1}.Debug|Any CPU.ActiveCfg = Debug|Any CPU
		{040AC723-5A40-40A9-BE23-765057C3C6A1}.Debug|Any CPU.Build.0 = Debug|Any CPU
		{040AC723-5A40-40A9-BE23-765057C3C6A1}.Release|Any CPU.ActiveCfg = Release|Any CPU
		{040AC723-5A40-40A9-BE23-765057C3C6A1}.Release|Any CPU.Build.0 = Release|Any CPU
		{0B14111C-669E-4B44-86F7-9BA99B13E39A}.Debug|Any CPU.ActiveCfg = Debug|Any CPU
		{0B14111C-669E-4B44-86F7-9BA99B13E39A}.Debug|Any CPU.Build.0 = Debug|Any CPU
		{0B14111C-669E-4B44-86F7-9BA99B13E39A}.Release|Any CPU.ActiveCfg = Release|Any CPU
		{0B14111C-669E-4B44-86F7-9BA99B13E39A}.Release|Any CPU.Build.0 = Release|Any CPU
		{005A4342-0B75-494B-8A4E-1FC12C72E6EB}.Debug|Any CPU.ActiveCfg = Debug|Any CPU
		{005A4342-0B75-494B-8A4E-1FC12C72E6EB}.Debug|Any CPU.Build.0 = Debug|Any CPU
		{005A4342-0B75-494B-8A4E-1FC12C72E6EB}.Release|Any CPU.ActiveCfg = Release|Any CPU
		{005A4342-0B75-494B-8A4E-1FC12C72E6EB}.Release|Any CPU.Build.0 = Release|Any CPU
		{3A69F751-D091-4903-99D1-F3D92BC9FD3D}.Debug|Any CPU.ActiveCfg = Debug|Any CPU
		{3A69F751-D091-4903-99D1-F3D92BC9FD3D}.Debug|Any CPU.Build.0 = Debug|Any CPU
		{3A69F751-D091-4903-99D1-F3D92BC9FD3D}.Release|Any CPU.ActiveCfg = Release|Any CPU
		{3A69F751-D091-4903-99D1-F3D92BC9FD3D}.Release|Any CPU.Build.0 = Release|Any CPU
		{41BE2C35-D2C6-485B-8FD0-9E8D6D636C14}.Debug|Any CPU.ActiveCfg = Debug|Any CPU
		{41BE2C35-D2C6-485B-8FD0-9E8D6D636C14}.Debug|Any CPU.Build.0 = Debug|Any CPU
		{41BE2C35-D2C6-485B-8FD0-9E8D6D636C14}.Release|Any CPU.ActiveCfg = Release|Any CPU
		{41BE2C35-D2C6-485B-8FD0-9E8D6D636C14}.Release|Any CPU.Build.0 = Release|Any CPU
		{6DD8E5EE-3E86-48D6-8610-02D6FC03418D}.Debug|Any CPU.ActiveCfg = Debug|Any CPU
		{6DD8E5EE-3E86-48D6-8610-02D6FC03418D}.Debug|Any CPU.Build.0 = Debug|Any CPU
		{6DD8E5EE-3E86-48D6-8610-02D6FC03418D}.Release|Any CPU.ActiveCfg = Release|Any CPU
		{6DD8E5EE-3E86-48D6-8610-02D6FC03418D}.Release|Any CPU.Build.0 = Release|Any CPU
	EndGlobalSection
	GlobalSection(SolutionProperties) = preSolution
		HideSolutionNode = FALSE
	EndGlobalSection
	GlobalSection(NestedProjects) = preSolution
		{7AE83027-8181-4CFD-9D75-EE9645831B12} = {9D09262A-A5D7-4C94-A9E6-4FD594DB4514}
		{F3636AE1-EBE6-45DF-99E1-B93AC3EF8436} = {9D09262A-A5D7-4C94-A9E6-4FD594DB4514}
		{9A54DEF7-0E6D-4AF9-8687-B1AC838C5C30} = {9D09262A-A5D7-4C94-A9E6-4FD594DB4514}
		{C4549249-1A8C-481A-ABE4-F8623EA47BA1} = {F3636AE1-EBE6-45DF-99E1-B93AC3EF8436}
		{E0F2B092-5395-4541-B43B-5AE3F7C7C74D} = {C4549249-1A8C-481A-ABE4-F8623EA47BA1}
		{728B2A50-757A-4E59-B716-7F51C01145CA} = {9A54DEF7-0E6D-4AF9-8687-B1AC838C5C30}
		{040AC723-5A40-40A9-BE23-765057C3C6A1} = {728B2A50-757A-4E59-B716-7F51C01145CA}
		{6A6491F7-BAF6-431A-ABCE-4AA048A6AE07} = {7AE83027-8181-4CFD-9D75-EE9645831B12}
		{0B14111C-669E-4B44-86F7-9BA99B13E39A} = {6A6491F7-BAF6-431A-ABCE-4AA048A6AE07}
		{5C99B2C3-9D01-4F69-935A-FDAA99892002} = {F3636AE1-EBE6-45DF-99E1-B93AC3EF8436}
		{005A4342-0B75-494B-8A4E-1FC12C72E6EB} = {5C99B2C3-9D01-4F69-935A-FDAA99892002}
		{CD6A21D9-F4A2-4976-87D7-BEE90E339BB0} = {F3636AE1-EBE6-45DF-99E1-B93AC3EF8436}
		{3A69F751-D091-4903-99D1-F3D92BC9FD3D} = {CD6A21D9-F4A2-4976-87D7-BEE90E339BB0}
		{45AB459A-F60C-4938-8337-9787350C53DE} = {F3636AE1-EBE6-45DF-99E1-B93AC3EF8436}
		{81AB1C3E-F8A9-49FC-97E6-9B4E1CD995FF} = {F3636AE1-EBE6-45DF-99E1-B93AC3EF8436}
		{2DF3789C-63C4-4001-8A68-DBCFFEA4E6AB} = {F3636AE1-EBE6-45DF-99E1-B93AC3EF8436}
		{6C40E88B-040D-4EB6-B41D-5252A6EB6DB5} = {7AE83027-8181-4CFD-9D75-EE9645831B12}
		{41BE2C35-D2C6-485B-8FD0-9E8D6D636C14} = {6C40E88B-040D-4EB6-B41D-5252A6EB6DB5}
		{6DD8E5EE-3E86-48D6-8610-02D6FC03418D} = {45AB459A-F60C-4938-8337-9787350C53DE}
	EndGlobalSection
	GlobalSection(ExtensibilityGlobals) = postSolution
		SolutionGuid = {86F6D9DC-4D7A-4142-B683-2D62EFDEC186}
	EndGlobalSection
EndGlobal
