
Microsoft Visual Studio Solution File, Format Version 12.00
# Visual Studio Version 17
VisualStudioVersion = 17.4.33403.182
MinimumVisualStudioVersion = 10.0.40219.1
Project("{2150E333-8FDC-42A3-9474-1A3956D46DE8}") = "src", "src", "{57B7CF2C-1328-4578-9900-183F9E3C92F8}"
EndProject
Project("{2150E333-8FDC-42A3-9474-1A3956D46DE8}") = "Building Blocks", "Building Blocks", "{E9E5EDCE-6140-407A-B18C-5FAC8199D97F}"
EndProject
Project("{2150E333-8FDC-42A3-9474-1A3956D46DE8}") = "Web", "Web", "{14A7CFF3-5846-4BB1-903E-35AB69458A67}"
EndProject
Project("{2150E333-8FDC-42A3-9474-1A3956D46DE8}") = "Services", "Services", "{FA476EC4-D180-41D1-8E45-A73D5532E4C3}"
EndProject
Project("{2150E333-8FDC-42A3-9474-1A3956D46DE8}") = "Identidade", "Identidade", "{045F80C1-582A-4DE3-B07A-CFF7B3F33570}"
EndProject
Project("{9A19103F-16F7-4668-BE54-9A1E7A4F7556}") = "ECE.Identidade.API", "src\services\ECE.Identidade.API\ECE.Identidade.API.csproj", "{6BF69CCF-4527-4CBA-A4BE-4FCEC66A255C}"
EndProject
Project("{2150E333-8FDC-42A3-9474-1A3956D46DE8}") = "MVC", "MVC", "{1CF0D5F3-EE1A-4362-BD4E-83745672122E}"
EndProject
Project("{9A19103F-16F7-4668-BE54-9A1E7A4F7556}") = "ECE.WebApp.MVC", "src\web\ECE.WebApp.MVC\ECE.WebApp.MVC.csproj", "{985D5C9A-8CDE-481A-8B75-07B93CDACCB7}"
EndProject
Project("{2150E333-8FDC-42A3-9474-1A3956D46DE8}") = "Core", "Core", "{EE5D398A-CF4C-4729-ABEC-40F687B3EE43}"
EndProject
Project("{9A19103F-16F7-4668-BE54-9A1E7A4F7556}") = "ECE.Core", "src\building blocks\ECE.Core\ECE.Core.csproj", "{601BD0A8-C47A-4A94-A198-BED2A3996312}"
EndProject
Project("{2150E333-8FDC-42A3-9474-1A3956D46DE8}") = "Catalogo", "Catalogo", "{32824FCE-74C4-45B0-B9BB-B08243C5E6FD}"
EndProject
Project("{2150E333-8FDC-42A3-9474-1A3956D46DE8}") = "Cliente", "Cliente", "{7BD95601-A39D-44FE-A20B-66CDDE39209A}"
EndProject
Project("{9A19103F-16F7-4668-BE54-9A1E7A4F7556}") = "ECE.Cliente.API", "src\services\ECE.Cliente.API\ECE.Cliente.API.csproj", "{ADE2F35A-E800-43F7-8B0D-94980ED1F896}"
EndProject
Project("{9A19103F-16F7-4668-BE54-9A1E7A4F7556}") = "ECE.Catalogo.API", "src\services\ECE.Catalogo.API\ECE.Catalogo.API.csproj", "{60D01A0D-10A1-423C-AE75-6E4FDFE9DEDA}"
EndProject
Project("{2150E333-8FDC-42A3-9474-1A3956D46DE8}") = "Services", "Services", "{A3FF6580-A53C-4611-8F34-1D937FC6F987}"
EndProject
Project("{FAE04EC0-301F-11D3-BF4B-00C04F79EFBC}") = "ECE.WebAPI.Core", "src\building blocks\ECE.WebAPI.Core\ECE.WebAPI.Core.csproj", "{891BC38D-D5FC-4F76-AA60-EF0A1F2846D8}"
EndProject
Global
	GlobalSection(SolutionConfigurationPlatforms) = preSolution
		Debug|Any CPU = Debug|Any CPU
		Release|Any CPU = Release|Any CPU
	EndGlobalSection
	GlobalSection(ProjectConfigurationPlatforms) = postSolution
		{6BF69CCF-4527-4CBA-A4BE-4FCEC66A255C}.Debug|Any CPU.ActiveCfg = Debug|Any CPU
		{6BF69CCF-4527-4CBA-A4BE-4FCEC66A255C}.Debug|Any CPU.Build.0 = Debug|Any CPU
		{6BF69CCF-4527-4CBA-A4BE-4FCEC66A255C}.Release|Any CPU.ActiveCfg = Release|Any CPU
		{6BF69CCF-4527-4CBA-A4BE-4FCEC66A255C}.Release|Any CPU.Build.0 = Release|Any CPU
		{985D5C9A-8CDE-481A-8B75-07B93CDACCB7}.Debug|Any CPU.ActiveCfg = Debug|Any CPU
		{985D5C9A-8CDE-481A-8B75-07B93CDACCB7}.Debug|Any CPU.Build.0 = Debug|Any CPU
		{985D5C9A-8CDE-481A-8B75-07B93CDACCB7}.Release|Any CPU.ActiveCfg = Release|Any CPU
		{985D5C9A-8CDE-481A-8B75-07B93CDACCB7}.Release|Any CPU.Build.0 = Release|Any CPU
		{601BD0A8-C47A-4A94-A198-BED2A3996312}.Debug|Any CPU.ActiveCfg = Debug|Any CPU
		{601BD0A8-C47A-4A94-A198-BED2A3996312}.Debug|Any CPU.Build.0 = Debug|Any CPU
		{601BD0A8-C47A-4A94-A198-BED2A3996312}.Release|Any CPU.ActiveCfg = Release|Any CPU
		{601BD0A8-C47A-4A94-A198-BED2A3996312}.Release|Any CPU.Build.0 = Release|Any CPU
		{ADE2F35A-E800-43F7-8B0D-94980ED1F896}.Debug|Any CPU.ActiveCfg = Debug|Any CPU
		{ADE2F35A-E800-43F7-8B0D-94980ED1F896}.Debug|Any CPU.Build.0 = Debug|Any CPU
		{ADE2F35A-E800-43F7-8B0D-94980ED1F896}.Release|Any CPU.ActiveCfg = Release|Any CPU
		{ADE2F35A-E800-43F7-8B0D-94980ED1F896}.Release|Any CPU.Build.0 = Release|Any CPU
		{60D01A0D-10A1-423C-AE75-6E4FDFE9DEDA}.Debug|Any CPU.ActiveCfg = Debug|Any CPU
		{60D01A0D-10A1-423C-AE75-6E4FDFE9DEDA}.Debug|Any CPU.Build.0 = Debug|Any CPU
		{60D01A0D-10A1-423C-AE75-6E4FDFE9DEDA}.Release|Any CPU.ActiveCfg = Release|Any CPU
		{60D01A0D-10A1-423C-AE75-6E4FDFE9DEDA}.Release|Any CPU.Build.0 = Release|Any CPU
		{891BC38D-D5FC-4F76-AA60-EF0A1F2846D8}.Debug|Any CPU.ActiveCfg = Debug|Any CPU
		{891BC38D-D5FC-4F76-AA60-EF0A1F2846D8}.Debug|Any CPU.Build.0 = Debug|Any CPU
		{891BC38D-D5FC-4F76-AA60-EF0A1F2846D8}.Release|Any CPU.ActiveCfg = Release|Any CPU
		{891BC38D-D5FC-4F76-AA60-EF0A1F2846D8}.Release|Any CPU.Build.0 = Release|Any CPU
	EndGlobalSection
	GlobalSection(SolutionProperties) = preSolution
		HideSolutionNode = FALSE
	EndGlobalSection
	GlobalSection(NestedProjects) = preSolution
		{E9E5EDCE-6140-407A-B18C-5FAC8199D97F} = {57B7CF2C-1328-4578-9900-183F9E3C92F8}
		{14A7CFF3-5846-4BB1-903E-35AB69458A67} = {57B7CF2C-1328-4578-9900-183F9E3C92F8}
		{FA476EC4-D180-41D1-8E45-A73D5532E4C3} = {57B7CF2C-1328-4578-9900-183F9E3C92F8}
		{045F80C1-582A-4DE3-B07A-CFF7B3F33570} = {FA476EC4-D180-41D1-8E45-A73D5532E4C3}
		{6BF69CCF-4527-4CBA-A4BE-4FCEC66A255C} = {045F80C1-582A-4DE3-B07A-CFF7B3F33570}
		{1CF0D5F3-EE1A-4362-BD4E-83745672122E} = {14A7CFF3-5846-4BB1-903E-35AB69458A67}
		{985D5C9A-8CDE-481A-8B75-07B93CDACCB7} = {1CF0D5F3-EE1A-4362-BD4E-83745672122E}
		{EE5D398A-CF4C-4729-ABEC-40F687B3EE43} = {E9E5EDCE-6140-407A-B18C-5FAC8199D97F}
		{601BD0A8-C47A-4A94-A198-BED2A3996312} = {EE5D398A-CF4C-4729-ABEC-40F687B3EE43}
		{32824FCE-74C4-45B0-B9BB-B08243C5E6FD} = {FA476EC4-D180-41D1-8E45-A73D5532E4C3}
		{7BD95601-A39D-44FE-A20B-66CDDE39209A} = {FA476EC4-D180-41D1-8E45-A73D5532E4C3}
		{ADE2F35A-E800-43F7-8B0D-94980ED1F896} = {7BD95601-A39D-44FE-A20B-66CDDE39209A}
		{60D01A0D-10A1-423C-AE75-6E4FDFE9DEDA} = {32824FCE-74C4-45B0-B9BB-B08243C5E6FD}
		{A3FF6580-A53C-4611-8F34-1D937FC6F987} = {E9E5EDCE-6140-407A-B18C-5FAC8199D97F}
		{891BC38D-D5FC-4F76-AA60-EF0A1F2846D8} = {A3FF6580-A53C-4611-8F34-1D937FC6F987}
	EndGlobalSection
	GlobalSection(ExtensibilityGlobals) = postSolution
		SolutionGuid = {932B5B7C-4087-4AC7-B0C1-4FF271AFF270}
	EndGlobalSection
EndGlobal
